# THIS IS AN AUTOGENERATED FILE. DO NOT EDIT THIS FILE DIRECTLY.
# yarn lockfile v1


elm-esm@^1.1.4:
  version "1.1.4"
  resolved "https://registry.yarnpkg.com/elm-esm/-/elm-esm-1.1.4.tgz#ec42e300bffbd457f7173bdff740e68f6bcfc34e"
  integrity sha512-dGWDtgsdDrhn3GFl/uT6Yt5DIBgnvOmakLNl6brkoYqb7i8mQ/beHoR+emx3ux4M4sq3GpRfRvzMoiRHVcaWKw==
  dependencies:
    which "^2.0.2"

isexe@^2.0.0:
  version "2.0.0"
  resolved "https://registry.yarnpkg.com/isexe/-/isexe-2.0.0.tgz#e8fbf374dc556ff8947a10dcb0572d633f2cfa10"
  integrity sha512-RHxMLp9lnKHGHRng9QFhRCMbYAcVpn69smSGcq3f36xjgVVWThj4qqLbTLlq7Ssj8B+fIQ1EuCEGI2lKsyQeIw==

which@^2.0.2:
  version "2.0.2"
  resolved "https://registry.yarnpkg.com/which/-/which-2.0.2.tgz#7c6a8dd0a636a0327e10b59c9286eee93f3f51b1"
  integrity sha512-BLI3Tl1TW3Pvl70l3yq3Y64i+awpwXqsGBYWkkqMtnbXgrMD+yj7rhW0kuEDxzJaYXGjEW5ogapKNMEKNMjibA==
  dependencies:
    isexe "^2.0.0"
